
Microsoft Visual Studio Solution File, Format Version 12.00
# Visual Studio 15
VisualStudioVersion = 15.0.27703.2035
MinimumVisualStudioVersion = 10.0.40219.1
Project("{FAE04EC0-301F-11D3-BF4B-00C04F79EFBC}") = "AppAlumno", "RegistrarAlumno\AppAlumno.csproj", "{6AD1B559-8FAB-4D72-B5AA-F1E87B1B1FF5}"
EndProject
Project("{FAE04EC0-301F-11D3-BF4B-00C04F79EFBC}") = "AppAlumno.Integration.Test", "AppAlumno.Integration.Test\AppAlumno.Integration.Test.csproj", "{8C3F4DDD-6450-4E05-8756-3DCC7D2F320E}"
EndProject
Project("{FAE04EC0-301F-11D3-BF4B-00C04F79EFBC}") = "AppAlumno.Unit.Test", "AppAlumno.Unit.Test\AppAlumno.Unit.Test.csproj", "{9ADB1FF1-1905-49D5-AED5-62886AAC2409}"
EndProject
Global
	GlobalSection(SolutionConfigurationPlatforms) = preSolution
		Debug|Any CPU = Debug|Any CPU
		Release|Any CPU = Release|Any CPU
	EndGlobalSection
	GlobalSection(ProjectConfigurationPlatforms) = postSolution
		{6AD1B559-8FAB-4D72-B5AA-F1E87B1B1FF5}.Debug|Any CPU.ActiveCfg = Debug|Any CPU
		{6AD1B559-8FAB-4D72-B5AA-F1E87B1B1FF5}.Debug|Any CPU.Build.0 = Debug|Any CPU
		{6AD1B559-8FAB-4D72-B5AA-F1E87B1B1FF5}.Release|Any CPU.ActiveCfg = Release|Any CPU
		{6AD1B559-8FAB-4D72-B5AA-F1E87B1B1FF5}.Release|Any CPU.Build.0 = Release|Any CPU
		{8C3F4DDD-6450-4E05-8756-3DCC7D2F320E}.Debug|Any CPU.ActiveCfg = Debug|Any CPU
		{8C3F4DDD-6450-4E05-8756-3DCC7D2F320E}.Debug|Any CPU.Build.0 = Debug|Any CPU
		{8C3F4DDD-6450-4E05-8756-3DCC7D2F320E}.Release|Any CPU.ActiveCfg = Release|Any CPU
		{8C3F4DDD-6450-4E05-8756-3DCC7D2F320E}.Release|Any CPU.Build.0 = Release|Any CPU
		{9ADB1FF1-1905-49D5-AED5-62886AAC2409}.Debug|Any CPU.ActiveCfg = Debug|Any CPU
		{9ADB1FF1-1905-49D5-AED5-62886AAC2409}.Debug|Any CPU.Build.0 = Debug|Any CPU
		{9ADB1FF1-1905-49D5-AED5-62886AAC2409}.Release|Any CPU.ActiveCfg = Release|Any CPU
		{9ADB1FF1-1905-49D5-AED5-62886AAC2409}.Release|Any CPU.Build.0 = Release|Any CPU
	EndGlobalSection
	GlobalSection(SolutionProperties) = preSolution
		HideSolutionNode = FALSE
	EndGlobalSection
	GlobalSection(ExtensibilityGlobals) = postSolution
		SolutionGuid = {41A87F64-0199-472E-A1EB-59063D93CDD5}
	EndGlobalSection
EndGlobal
